
Microsoft Visual Studio Solution File, Format Version 12.00
# Visual Studio Version 16
VisualStudioVersion = 16.0.30104.148
MinimumVisualStudioVersion = 10.0.40219.1
Project("{FAE04EC0-301F-11D3-BF4B-00C04F79EFBC}") = "API", "API\API.csproj", "{716E9424-B8A5-4175-9C30-93E47C774D08}"
EndProject
Project("{FAE04EC0-301F-11D3-BF4B-00C04F79EFBC}") = "DataAccess", "DataAccess\DataAccess.csproj", "{207304BA-6E57-4230-8EB9-0EF95D64770F}"
EndProject
Project("{FAE04EC0-301F-11D3-BF4B-00C04F79EFBC}") = "Models", "Models\Models.csproj", "{F9061F76-CB56-4B7C-81DF-CD9C78378120}"
EndProject
Project("{FAE04EC0-301F-11D3-BF4B-00C04F79EFBC}") = "Utility", "Utility\Utility.csproj", "{7CC5810C-A905-48C2-8867-8DA1828E9002}"
EndProject
Global
	GlobalSection(SolutionConfigurationPlatforms) = preSolution
		Debug|Any CPU = Debug|Any CPU
		Release|Any CPU = Release|Any CPU
	EndGlobalSection
	GlobalSection(ProjectConfigurationPlatforms) = postSolution
		{716E9424-B8A5-4175-9C30-93E47C774D08}.Debug|Any CPU.ActiveCfg = Debug|Any CPU
		{716E9424-B8A5-4175-9C30-93E47C774D08}.Debug|Any CPU.Build.0 = Debug|Any CPU
		{716E9424-B8A5-4175-9C30-93E47C774D08}.Release|Any CPU.ActiveCfg = Release|Any CPU
		{716E9424-B8A5-4175-9C30-93E47C774D08}.Release|Any CPU.Build.0 = Release|Any CPU
		{207304BA-6E57-4230-8EB9-0EF95D64770F}.Debug|Any CPU.ActiveCfg = Debug|Any CPU
		{207304BA-6E57-4230-8EB9-0EF95D64770F}.Debug|Any CPU.Build.0 = Debug|Any CPU
		{207304BA-6E57-4230-8EB9-0EF95D64770F}.Release|Any CPU.ActiveCfg = Release|Any CPU
		{207304BA-6E57-4230-8EB9-0EF95D64770F}.Release|Any CPU.Build.0 = Release|Any CPU
		{F9061F76-CB56-4B7C-81DF-CD9C78378120}.Debug|Any CPU.ActiveCfg = Debug|Any CPU
		{F9061F76-CB56-4B7C-81DF-CD9C78378120}.Debug|Any CPU.Build.0 = Debug|Any CPU
		{F9061F76-CB56-4B7C-81DF-CD9C78378120}.Release|Any CPU.ActiveCfg = Release|Any CPU
		{F9061F76-CB56-4B7C-81DF-CD9C78378120}.Release|Any CPU.Build.0 = Release|Any CPU
		{7CC5810C-A905-48C2-8867-8DA1828E9002}.Debug|Any CPU.ActiveCfg = Debug|Any CPU
		{7CC5810C-A905-48C2-8867-8DA1828E9002}.Debug|Any CPU.Build.0 = Debug|Any CPU
		{7CC5810C-A905-48C2-8867-8DA1828E9002}.Release|Any CPU.ActiveCfg = Release|Any CPU
		{7CC5810C-A905-48C2-8867-8DA1828E9002}.Release|Any CPU.Build.0 = Release|Any CPU
	EndGlobalSection
	GlobalSection(SolutionProperties) = preSolution
		HideSolutionNode = FALSE
	EndGlobalSection
	GlobalSection(ExtensibilityGlobals) = postSolution
		SolutionGuid = {249FDE53-EC6D-4140-9032-71ED4FD0A78E}
	EndGlobalSection
EndGlobal
